
Microsoft Visual Studio Solution File, Format Version 12.00
# Visual Studio Version 16
VisualStudioVersion = 16.0.29519.87
MinimumVisualStudioVersion = 10.0.40219.1
Project("{F184B08F-C81C-45F6-A57F-5ABD9991F28F}") = "MicroBlogging", "MicroBlogging\MicroBlogging.vbproj", "{2A622BF6-91E2-4DA3-9C2E-F28DE5B67BCE}"
EndProject
Global
	GlobalSection(SolutionConfigurationPlatforms) = preSolution
		Debug|Any CPU = Debug|Any CPU
		Release|Any CPU = Release|Any CPU
	EndGlobalSection
	GlobalSection(ProjectConfigurationPlatforms) = postSolution
		{2A622BF6-91E2-4DA3-9C2E-F28DE5B67BCE}.Debug|Any CPU.ActiveCfg = Debug|Any CPU
		{2A622BF6-91E2-4DA3-9C2E-F28DE5B67BCE}.Debug|Any CPU.Build.0 = Debug|Any CPU
		{2A622BF6-91E2-4DA3-9C2E-F28DE5B67BCE}.Release|Any CPU.ActiveCfg = Release|Any CPU
		{2A622BF6-91E2-4DA3-9C2E-F28DE5B67BCE}.Release|Any CPU.Build.0 = Release|Any CPU
	EndGlobalSection
	GlobalSection(SolutionProperties) = preSolution
		HideSolutionNode = FALSE
	EndGlobalSection
	GlobalSection(ExtensibilityGlobals) = postSolution
		SolutionGuid = {D07EBFD8-B328-4E8C-BB36-384A02E98ADD}
	EndGlobalSection
EndGlobal
